
Microsoft Visual Studio Solution File, Format Version 12.00
# Visual Studio Version 16
VisualStudioVersion = 16.0.31515.178
MinimumVisualStudioVersion = 10.0.40219.1
Project("{9A19103F-16F7-4668-BE54-9A1E7A4F7556}") = "RS232cTcpMarantz", "RS232cTcpMarantzClient\RS232cTcpMarantz.csproj", "{FD4B8859-4F40-4A62-8D75-EC742CDD75F0}"
EndProject
Global
	GlobalSection(SolutionConfigurationPlatforms) = preSolution
		Debug|Any CPU = Debug|Any CPU
		Release|Any CPU = Release|Any CPU
	EndGlobalSection
	GlobalSection(ProjectConfigurationPlatforms) = postSolution
		{FD4B8859-4F40-4A62-8D75-EC742CDD75F0}.Debug|Any CPU.ActiveCfg = Debug|Any CPU
		{FD4B8859-4F40-4A62-8D75-EC742CDD75F0}.Debug|Any CPU.Build.0 = Debug|Any CPU
		{FD4B8859-4F40-4A62-8D75-EC742CDD75F0}.Release|Any CPU.ActiveCfg = Release|Any CPU
		{FD4B8859-4F40-4A62-8D75-EC742CDD75F0}.Release|Any CPU.Build.0 = Release|Any CPU
	EndGlobalSection
	GlobalSection(SolutionProperties) = preSolution
		HideSolutionNode = FALSE
	EndGlobalSection
	GlobalSection(ExtensibilityGlobals) = postSolution
		SolutionGuid = {5F9B60BC-629C-4C68-B79D-63784989F771}
	EndGlobalSection
EndGlobal
